
Microsoft Visual Studio Solution File, Format Version 12.00
# Visual Studio Version 17
VisualStudioVersion = 17.5.002.0
MinimumVisualStudioVersion = 10.0.40219.1
Project("{9A19103F-16F7-4668-BE54-9A1E7A4F7556}") = "API_Banco", "API_Banco.csproj", "{589F03F5-2987-440C-B9B5-7FDC1BE21D39}"
EndProject
Global
	GlobalSection(SolutionConfigurationPlatforms) = preSolution
		Debug|Any CPU = Debug|Any CPU
		Release|Any CPU = Release|Any CPU
	EndGlobalSection
	GlobalSection(ProjectConfigurationPlatforms) = postSolution
		{589F03F5-2987-440C-B9B5-7FDC1BE21D39}.Debug|Any CPU.ActiveCfg = Debug|Any CPU
		{589F03F5-2987-440C-B9B5-7FDC1BE21D39}.Debug|Any CPU.Build.0 = Debug|Any CPU
		{589F03F5-2987-440C-B9B5-7FDC1BE21D39}.Release|Any CPU.ActiveCfg = Release|Any CPU
		{589F03F5-2987-440C-B9B5-7FDC1BE21D39}.Release|Any CPU.Build.0 = Release|Any CPU
	EndGlobalSection
	GlobalSection(SolutionProperties) = preSolution
		HideSolutionNode = FALSE
	EndGlobalSection
	GlobalSection(ExtensibilityGlobals) = postSolution
		SolutionGuid = {BD9351A2-14F6-4D27-9931-7C9BE900FB5C}
	EndGlobalSection
EndGlobal
